
Microsoft Visual Studio Solution File, Format Version 12.00
# Visual Studio Version 17
VisualStudioVersion = 17.4.33403.182
MinimumVisualStudioVersion = 10.0.40219.1
Project("{FAE04EC0-301F-11D3-BF4B-00C04F79EFBC}") = "28.02.23", "28.02.23.csproj", "{670FBFD2-8583-4902-8B7F-69BFD892A74F}"
EndProject
Global
	GlobalSection(SolutionConfigurationPlatforms) = preSolution
		Debug|Any CPU = Debug|Any CPU
		Release|Any CPU = Release|Any CPU
	EndGlobalSection
	GlobalSection(ProjectConfigurationPlatforms) = postSolution
		{670FBFD2-8583-4902-8B7F-69BFD892A74F}.Debug|Any CPU.ActiveCfg = Debug|Any CPU
		{670FBFD2-8583-4902-8B7F-69BFD892A74F}.Debug|Any CPU.Build.0 = Debug|Any CPU
		{670FBFD2-8583-4902-8B7F-69BFD892A74F}.Release|Any CPU.ActiveCfg = Release|Any CPU
		{670FBFD2-8583-4902-8B7F-69BFD892A74F}.Release|Any CPU.Build.0 = Release|Any CPU
	EndGlobalSection
	GlobalSection(SolutionProperties) = preSolution
		HideSolutionNode = FALSE
	EndGlobalSection
	GlobalSection(ExtensibilityGlobals) = postSolution
		SolutionGuid = {0F269ECA-56E5-4459-9C54-55C6376D5C05}
	EndGlobalSection
EndGlobal
